speakeasyVersion: 1.704.0
sources:
    Polar-OAS:
        sourceNamespace: polar-oas
        sourceRevisionDigest: sha256:e7f7a8c96dc61afd8f99b682bbcbb313d1959f07f583117500097fe99bb072e7
        sourceBlobDigest: sha256:6957e52a5f6258498d713cc80546046f8071e968f9b59142e3e1a97db5979a34
        tags:
            - latest
            - speakeasy-sdk-regen-1770079340
            - 0.1.0
targets:
    polar:
        source: Polar-OAS
        sourceNamespace: polar-oas
        sourceRevisionDigest: sha256:e7f7a8c96dc61afd8f99b682bbcbb313d1959f07f583117500097fe99bb072e7
        sourceBlobDigest: sha256:6957e52a5f6258498d713cc80546046f8071e968f9b59142e3e1a97db5979a34
        codeSamplesNamespace: polar-oas-ts-code-samples
        codeSamplesRevisionDigest: sha256:cc7ba44f489ac23dadfaaf99215fe8da2fac010d149442b673def4dc418d00b2
workflow:
    workflowVersion: 1.0.0
    speakeasyVersion: latest
    sources:
        Polar-OAS:
            inputs:
                - location: https://api.polar.sh/openapi.json
            overlays:
                - location: https://raw.githubusercontent.com/polarsource/polar/main/sdk/overlays/security.yml
                - location: https://raw.githubusercontent.com/polarsource/polar/main/sdk/overlays/type_parameter.yml
                - location: https://raw.githubusercontent.com/polarsource/polar/main/sdk/overlays/read_only.yml
                - location: https://raw.githubusercontent.com/polarsource/polar/main/sdk/overlays/event_discriminator.yml
                - location: https://raw.githubusercontent.com/polarsource/polar/main/sdk/overlays/timezone_enum.yml
                - location: https://raw.githubusercontent.com/polarsource/polar/main/sdk/overlays/event_metadata.yml
            registry:
                location: registry.speakeasyapi.dev/polar/polar/polar-oas
    targets:
        polar:
            target: typescript
            source: Polar-OAS
            publish:
                npm:
                    token: $npm_token
            codeSamples:
                output: codeSamples.yaml
                registry:
                    location: registry.speakeasyapi.dev/polar/polar/polar-oas-ts-code-samples
                labelOverride:
                    fixedValue: Typescript (SDK)
